
Microsoft Visual Studio Solution File, Format Version 12.00
# Visual Studio Version 17
VisualStudioVersion = 17.0.31903.59
MinimumVisualStudioVersion = 10.0.40219.1
Project("{2150E333-8FDC-42A3-9474-1A3956D46DE8}") = "src", "src", "{342C4D34-78D8-4922-A53D-220E23E98283}"
EndProject
Project("{FAE04EC0-301F-11D3-BF4B-00C04F79EFBC}") = "SolidarityGrid.Node", "src\SolidarityGrid.Node\SolidarityGrid.Node.csproj", "{1AC228D3-E15E-48A1-AFED-43ED1A7AB186}"
EndProject
Project("{FAE04EC0-301F-11D3-BF4B-00C04F79EFBC}") = "SolidarityGrid.Psp", "src\SolidarityGrid.Psp\SolidarityGrid.Psp.csproj", "{DC78EEBD-D48C-4EC2-AE3F-977CE5F5299D}"
EndProject
Project("{2150E333-8FDC-42A3-9474-1A3956D46DE8}") = "tests", "tests", "{8872D126-6062-4460-B9D2-51A7864FBF44}"
EndProject
Project("{FAE04EC0-301F-11D3-BF4B-00C04F79EFBC}") = "SolidarityGrid.Node.Tests", "tests\SolidarityGrid.Node.Tests\SolidarityGrid.Node.Tests.csproj", "{EC1A21D7-4324-4D0F-A914-EE8A300167A4}"
EndProject
Global
	GlobalSection(SolutionConfigurationPlatforms) = preSolution
		Debug|Any CPU = Debug|Any CPU
		Release|Any CPU = Release|Any CPU
	EndGlobalSection
	GlobalSection(SolutionProperties) = preSolution
		HideSolutionNode = FALSE
	EndGlobalSection
	GlobalSection(ProjectConfigurationPlatforms) = postSolution
		{1AC228D3-E15E-48A1-AFED-43ED1A7AB186}.Debug|Any CPU.ActiveCfg = Debug|Any CPU
		{1AC228D3-E15E-48A1-AFED-43ED1A7AB186}.Debug|Any CPU.Build.0 = Debug|Any CPU
		{1AC228D3-E15E-48A1-AFED-43ED1A7AB186}.Release|Any CPU.ActiveCfg = Release|Any CPU
		{1AC228D3-E15E-48A1-AFED-43ED1A7AB186}.Release|Any CPU.Build.0 = Release|Any CPU
		{DC78EEBD-D48C-4EC2-AE3F-977CE5F5299D}.Debug|Any CPU.ActiveCfg = Debug|Any CPU
		{DC78EEBD-D48C-4EC2-AE3F-977CE5F5299D}.Debug|Any CPU.Build.0 = Debug|Any CPU
		{DC78EEBD-D48C-4EC2-AE3F-977CE5F5299D}.Release|Any CPU.ActiveCfg = Release|Any CPU
		{DC78EEBD-D48C-4EC2-AE3F-977CE5F5299D}.Release|Any CPU.Build.0 = Release|Any CPU
		{EC1A21D7-4324-4D0F-A914-EE8A300167A4}.Debug|Any CPU.ActiveCfg = Debug|Any CPU
		{EC1A21D7-4324-4D0F-A914-EE8A300167A4}.Debug|Any CPU.Build.0 = Debug|Any CPU
		{EC1A21D7-4324-4D0F-A914-EE8A300167A4}.Release|Any CPU.ActiveCfg = Release|Any CPU
		{EC1A21D7-4324-4D0F-A914-EE8A300167A4}.Release|Any CPU.Build.0 = Release|Any CPU
	EndGlobalSection
	GlobalSection(NestedProjects) = preSolution
		{1AC228D3-E15E-48A1-AFED-43ED1A7AB186} = {342C4D34-78D8-4922-A53D-220E23E98283}
		{DC78EEBD-D48C-4EC2-AE3F-977CE5F5299D} = {342C4D34-78D8-4922-A53D-220E23E98283}
		{EC1A21D7-4324-4D0F-A914-EE8A300167A4} = {8872D126-6062-4460-B9D2-51A7864FBF44}
	EndGlobalSection
EndGlobal
